
Microsoft Visual Studio Solution File, Format Version 12.00
# Visual Studio Version 16
VisualStudioVersion = 16.0.31702.278
MinimumVisualStudioVersion = 10.0.40219.1
Project("{9A19103F-16F7-4668-BE54-9A1E7A4F7556}") = "SuperSimpleCalculator", "SuperSimpleCalculator\SuperSimpleCalculator.csproj", "{9A9453DC-07B4-4D43-BA69-1BB10B8E0E81}"
EndProject
Project("{FAE04EC0-301F-11D3-BF4B-00C04F79EFBC}") = "SuperSimpleCalculator.Tests", "SuperSimpleCalculator.Tests\SuperSimpleCalculator.Tests.csproj", "{D3329EAD-7FA1-4AAE-B7F0-FC17FC801C96}"
EndProject
Global
	GlobalSection(SolutionConfigurationPlatforms) = preSolution
		Debug|Any CPU = Debug|Any CPU
		Release|Any CPU = Release|Any CPU
	EndGlobalSection
	GlobalSection(ProjectConfigurationPlatforms) = postSolution
		{9A9453DC-07B4-4D43-BA69-1BB10B8E0E81}.Debug|Any CPU.ActiveCfg = Debug|Any CPU
		{9A9453DC-07B4-4D43-BA69-1BB10B8E0E81}.Debug|Any CPU.Build.0 = Debug|Any CPU
		{9A9453DC-07B4-4D43-BA69-1BB10B8E0E81}.Release|Any CPU.ActiveCfg = Release|Any CPU
		{9A9453DC-07B4-4D43-BA69-1BB10B8E0E81}.Release|Any CPU.Build.0 = Release|Any CPU
		{D3329EAD-7FA1-4AAE-B7F0-FC17FC801C96}.Debug|Any CPU.ActiveCfg = Debug|Any CPU
		{D3329EAD-7FA1-4AAE-B7F0-FC17FC801C96}.Debug|Any CPU.Build.0 = Debug|Any CPU
		{D3329EAD-7FA1-4AAE-B7F0-FC17FC801C96}.Release|Any CPU.ActiveCfg = Release|Any CPU
		{D3329EAD-7FA1-4AAE-B7F0-FC17FC801C96}.Release|Any CPU.Build.0 = Release|Any CPU
	EndGlobalSection
	GlobalSection(SolutionProperties) = preSolution
		HideSolutionNode = FALSE
	EndGlobalSection
	GlobalSection(ExtensibilityGlobals) = postSolution
		SolutionGuid = {145280F2-09B6-420A-BE80-9B42BC8732D8}
	EndGlobalSection
EndGlobal
